
Microsoft Visual Studio Solution File, Format Version 12.00
# Visual Studio Version 17
VisualStudioVersion = 17.0.31903.59
MinimumVisualStudioVersion = 10.0.40219.1
Project("{FAE04EC0-301F-11D3-BF4B-00C04F79EFBC}") = "SmoothOperator", "SmoothOperator\SmoothOperator.csproj", "{791E84A0-0D59-4A12-9888-245C77F2E597}"
EndProject
Project("{FAE04EC0-301F-11D3-BF4B-00C04F79EFBC}") = "VariousOperators", "VariousOperators\VariousOperators.csproj", "{84EA3459-61A8-4E37-83EB-E1E1477564B5}"
EndProject
Project("{FAE04EC0-301F-11D3-BF4B-00C04F79EFBC}") = "Cilindro", "Cilindro\Cilindro.csproj", "{71EC588B-4586-4F05-83D8-B612C43480A9}"
EndProject
Project("{FAE04EC0-301F-11D3-BF4B-00C04F79EFBC}") = "ValoresEspeciais", "ValoresEspeciais\ValoresEspeciais.csproj", "{C73CD83B-B12B-4EB1-A8EE-E33E20CF82A4}"
EndProject
Project("{FAE04EC0-301F-11D3-BF4B-00C04F79EFBC}") = "ChatGPTZero", "ChatGPTZero\ChatGPTZero.csproj", "{FE88E720-28FA-4443-9B4A-737ECC11F853}"
EndProject
Global
	GlobalSection(SolutionConfigurationPlatforms) = preSolution
		Debug|Any CPU = Debug|Any CPU
		Release|Any CPU = Release|Any CPU
	EndGlobalSection
	GlobalSection(SolutionProperties) = preSolution
		HideSolutionNode = FALSE
	EndGlobalSection
	GlobalSection(ProjectConfigurationPlatforms) = postSolution
		{791E84A0-0D59-4A12-9888-245C77F2E597}.Debug|Any CPU.ActiveCfg = Debug|Any CPU
		{791E84A0-0D59-4A12-9888-245C77F2E597}.Debug|Any CPU.Build.0 = Debug|Any CPU
		{791E84A0-0D59-4A12-9888-245C77F2E597}.Release|Any CPU.ActiveCfg = Release|Any CPU
		{791E84A0-0D59-4A12-9888-245C77F2E597}.Release|Any CPU.Build.0 = Release|Any CPU
		{84EA3459-61A8-4E37-83EB-E1E1477564B5}.Debug|Any CPU.ActiveCfg = Debug|Any CPU
		{84EA3459-61A8-4E37-83EB-E1E1477564B5}.Debug|Any CPU.Build.0 = Debug|Any CPU
		{84EA3459-61A8-4E37-83EB-E1E1477564B5}.Release|Any CPU.ActiveCfg = Release|Any CPU
		{84EA3459-61A8-4E37-83EB-E1E1477564B5}.Release|Any CPU.Build.0 = Release|Any CPU
		{71EC588B-4586-4F05-83D8-B612C43480A9}.Debug|Any CPU.ActiveCfg = Debug|Any CPU
		{71EC588B-4586-4F05-83D8-B612C43480A9}.Debug|Any CPU.Build.0 = Debug|Any CPU
		{71EC588B-4586-4F05-83D8-B612C43480A9}.Release|Any CPU.ActiveCfg = Release|Any CPU
		{71EC588B-4586-4F05-83D8-B612C43480A9}.Release|Any CPU.Build.0 = Release|Any CPU
		{C73CD83B-B12B-4EB1-A8EE-E33E20CF82A4}.Debug|Any CPU.ActiveCfg = Debug|Any CPU
		{C73CD83B-B12B-4EB1-A8EE-E33E20CF82A4}.Debug|Any CPU.Build.0 = Debug|Any CPU
		{C73CD83B-B12B-4EB1-A8EE-E33E20CF82A4}.Release|Any CPU.ActiveCfg = Release|Any CPU
		{C73CD83B-B12B-4EB1-A8EE-E33E20CF82A4}.Release|Any CPU.Build.0 = Release|Any CPU
		{FE88E720-28FA-4443-9B4A-737ECC11F853}.Debug|Any CPU.ActiveCfg = Debug|Any CPU
		{FE88E720-28FA-4443-9B4A-737ECC11F853}.Debug|Any CPU.Build.0 = Debug|Any CPU
		{FE88E720-28FA-4443-9B4A-737ECC11F853}.Release|Any CPU.ActiveCfg = Release|Any CPU
		{FE88E720-28FA-4443-9B4A-737ECC11F853}.Release|Any CPU.Build.0 = Release|Any CPU
	EndGlobalSection
EndGlobal
